// !$*UTF8*$!
{
	archiveVersion = 1;
	classes = {
	};
	objectVersion = 55;
	objects = {

/* Begin PBXBuildFile section */
		946CB4DE809D79771568ED80 /* Pods_Counting_ReSwift.framework in Frameworks */ = {isa = PBXBuildFile; fileRef = 1E84B1517DF9FDFD3EC0F460 /* Pods_Counting_ReSwift.framework */; };
		EDE3E0A4275902E90062510F /* AppDelegate.swift in Sources */ = {isa = PBXBuildFile; fileRef = EDE3E0A3275902E90062510F /* AppDelegate.swift */; };
		EDE3E0A6275902E90062510F /* SceneDelegate.swift in Sources */ = {isa = PBXBuildFile; fileRef = EDE3E0A5275902E90062510F /* SceneDelegate.swift */; };
		EDE3E0A8275902E90062510F /* ViewController.swift in Sources */ = {isa = PBXBuildFile; fileRef = EDE3E0A7275902E90062510F /* ViewController.swift */; };
		EDE3E0AB275902E90062510F /* Main.storyboard in Resources */ = {isa = PBXBuildFile; fileRef = EDE3E0A9275902E90062510F /* Main.storyboard */; };
		EDE3E0AD275902EB0062510F /* Assets.xcassets in Resources */ = {isa = PBXBuildFile; fileRef = EDE3E0AC275902EB0062510F /* Assets.xcassets */; };
		EDE3E0B0275902EB0062510F /* LaunchScreen.storyboard in Resources */ = {isa = PBXBuildFile; fileRef = EDE3E0AE275902EB0062510F /* LaunchScreen.storyboard */; };
		EDE3E0BB275905C10062510F /* Actions.swift in Sources */ = {isa = PBXBuildFile; fileRef = EDE3E0BA275905C10062510F /* Actions.swift */; };
		EDE3E0BD275905FF0062510F /* AppState.swift in Sources */ = {isa = PBXBuildFile; fileRef = EDE3E0BC275905FF0062510F /* AppState.swift */; };
		EDE3E0BF2759065F0062510F /* CounterReducer.swift in Sources */ = {isa = PBXBuildFile; fileRef = EDE3E0BE2759065F0062510F /* CounterReducer.swift */; };
/* End PBXBuildFile section */

/* Begin PBXFileReference section */
		1E84B1517DF9FDFD3EC0F460 /* Pods_Counting_ReSwift.framework */ = {isa = PBXFileReference; explicitFileType = wrapper.framework; includeInIndex = 0; path = Pods_Counting_ReSwift.framework; sourceTree = BUILT_PRODUCTS_DIR; };
		4CB8B671BDFB084FF715A3E3 /* Pods-Counting-ReSwift.release.xcconfig */ = {isa = PBXFileReference; includeInIndex = 1; lastKnownFileType = text.xcconfig; name = "Pods-Counting-ReSwift.release.xcconfig"; path = "Target Support Files/Pods-Counting-ReSwift/Pods-Counting-ReSwift.release.xcconfig"; sourceTree = "<group>"; };
		D7080B2486BA746653C996B4 /* Pods-Counting-ReSwift.debug.xcconfig */ = {isa = PBXFileReference; includeInIndex = 1; lastKnownFileType = text.xcconfig; name = "Pods-Counting-ReSwift.debug.xcconfig"; path = "Target Support Files/Pods-Counting-ReSwift/Pods-Counting-ReSwift.debug.xcconfig"; sourceTree = "<group>"; };
		EDE3E0A0275902E90062510F /* Counting-ReSwift.app */ = {isa = PBXFileReference; explicitFileType = wrapper.application; includeInIndex = 0; path = "Counting-ReSwift.app"; sourceTree = BUILT_PRODUCTS_DIR; };
		EDE3E0A3275902E90062510F /* AppDelegate.swift */ = {isa = PBXFileReference; lastKnownFileType = sourcecode.swift; path = AppDelegate.swift; sourceTree = "<group>"; };
		EDE3E0A5275902E90062510F /* SceneDelegate.swift */ = {isa = PBXFileReference; lastKnownFileType = sourcecode.swift; path = SceneDelegate.swift; sourceTree = "<group>"; };
		EDE3E0A7275902E90062510F /* ViewController.swift */ = {isa = PBXFileReference; lastKnownFileType = sourcecode.swift; path = ViewController.swift; sourceTree = "<group>"; };
		EDE3E0AA275902E90062510F /* Base */ = {isa = PBXFileReference; lastKnownFileType = file.storyboard; name = Base; path = Base.lproj/Main.storyboard; sourceTree = "<group>"; };
		EDE3E0AC275902EB0062510F /* Assets.xcassets */ = {isa = PBXFileReference; lastKnownFileType = folder.assetcatalog; path = Assets.xcassets; sourceTree = "<group>"; };
		EDE3E0AF275902EB0062510F /* Base */ = {isa = PBXFileReference; lastKnownFileType = file.storyboard; name = Base; path = Base.lproj/LaunchScreen.storyboard; sourceTree = "<group>"; };
		EDE3E0B1275902EB0062510F /* Info.plist */ = {isa = PBXFileReference; lastKnownFileType = text.plist.xml; path = Info.plist; sourceTree = "<group>"; };
		EDE3E0BA275905C10062510F /* Actions.swift */ = {isa = PBXFileReference; lastKnownFileType = sourcecode.swift; path = Actions.swift; sourceTree = "<group>"; };
		EDE3E0BC275905FF0062510F /* AppState.swift */ = {isa = PBXFileReference; lastKnownFileType = sourcecode.swift; path = AppState.swift; sourceTree = "<group>"; };
		EDE3E0BE2759065F0062510F /* CounterReducer.swift */ = {isa = PBXFileReference; lastKnownFileType = sourcecode.swift; path = CounterReducer.swift; sourceTree = "<group>"; };
/* End PBXFileReference section */

/* Begin PBXFrameworksBuildPhase section */
		EDE3E09D275902E90062510F /* Frameworks */ = {
			isa = PBXFrameworksBuildPhase;
			buildActionMask = 2147483647;
			files = (
				946CB4DE809D79771568ED80 /* Pods_Counting_ReSwift.framework in Frameworks */,
			);
			runOnlyForDeploymentPostprocessing = 0;
		};
/* End PBXFrameworksBuildPhase section */

/* Begin PBXGroup section */
		5798CDD7184842F242ACB325 /* Frameworks */ = {
			isa = PBXGroup;
			children = (
				1E84B1517DF9FDFD3EC0F460 /* Pods_Counting_ReSwift.framework */,
			);
			name = Frameworks;
			sourceTree = "<group>";
		};
		EDE3E097275902E90062510F = {
			isa = PBXGroup;
			children = (
				EDE3E0A2275902E90062510F /* Counting-ReSwift */,
				EDE3E0A1275902E90062510F /* Products */,
				F9A1329F8677EAE25A9F18A9 /* Pods */,
				5798CDD7184842F242ACB325 /* Frameworks */,
			);
			sourceTree = "<group>";
		};
		EDE3E0A1275902E90062510F /* Products */ = {
			isa = PBXGroup;
			children = (
				EDE3E0A0275902E90062510F /* Counting-ReSwift.app */,
			);
			name = Products;
			sourceTree = "<group>";
		};
		EDE3E0A2275902E90062510F /* Counting-ReSwift */ = {
			isa = PBXGroup;
			children = (
				EDE3E0B9275904730062510F /* State */,
				EDE3E0B82759046E0062510F /* Reducers */,
				EDE3E0B7275904660062510F /* Actions */,
				EDE3E0A3275902E90062510F /* AppDelegate.swift */,
				EDE3E0A5275902E90062510F /* SceneDelegate.swift */,
				EDE3E0A7275902E90062510F /* ViewController.swift */,
				EDE3E0A9275902E90062510F /* Main.storyboard */,
				EDE3E0AC275902EB0062510F /* Assets.xcassets */,
				EDE3E0AE275902EB0062510F /* LaunchScreen.storyboard */,
				EDE3E0B1275902EB0062510F /* Info.plist */,
			);
			path = "Counting-ReSwift";
			sourceTree = "<group>";
		};
		EDE3E0B7275904660062510F /* Actions */ = {
			isa = PBXGroup;
			children = (
				EDE3E0BA275905C10062510F /* Actions.swift */,
			);
			path = Actions;
			sourceTree = "<group>";
		};
		EDE3E0B82759046E0062510F /* Reducers */ = {
			isa = PBXGroup;
			children = (
				EDE3E0BE2759065F0062510F /* CounterReducer.swift */,
			);
			path = Reducers;
			sourceTree = "<group>";
		};
		EDE3E0B9275904730062510F /* State */ = {
			isa = PBXGroup;
			children = (
				EDE3E0BC275905FF0062510F /* AppState.swift */,
			);
			path = State;
			sourceTree = "<group>";
		};
		F9A1329F8677EAE25A9F18A9 /* Pods */ = {
			isa = PBXGroup;
			children = (
				D7080B2486BA746653C996B4 /* Pods-Counting-ReSwift.debug.xcconfig */,
				4CB8B671BDFB084FF715A3E3 /* Pods-Counting-ReSwift.release.xcconfig */,
			);
			path = Pods;
			sourceTree = "<group>";
		};
/* End PBXGroup section */

/* Begin PBXNativeTarget section */
		EDE3E09F275902E90062510F /* Counting-ReSwift */ = {
			isa = PBXNativeTarget;
			buildConfigurationList = EDE3E0B4275902EB0062510F /* Build configuration list for PBXNativeTarget "Counting-ReSwift" */;
			buildPhases = (
				02FCD1AC2F00B8895A93E44B /* [CP] Check Pods Manifest.lock */,
				EDE3E09C275902E90062510F /* Sources */,
				EDE3E09D275902E90062510F /* Frameworks */,
				EDE3E09E275902E90062510F /* Resources */,
				85B8F1A06C550D1A3C29808F /* [CP] Embed Pods Frameworks */,
			);
			buildRules = (
			);
			dependencies = (
			);
			name = "Counting-ReSwift";
			productName = "Counting-ReSwift";
			productReference = EDE3E0A0275902E90062510F /* Counting-ReSwift.app */;
			productType = "com.apple.product-type.application";
		};
/* End PBXNativeTarget section */

/* Begin PBXProject section */
		EDE3E098275902E90062510F /* Project object */ = {
			isa = PBXProject;
			attributes = {
				BuildIndependentTargetsInParallel = 1;
				LastSwiftUpdateCheck = 1310;
				LastUpgradeCheck = 1310;
				TargetAttributes = {
					EDE3E09F275902E90062510F = {
						CreatedOnToolsVersion = 13.1;
					};
				};
			};
			buildConfigurationList = EDE3E09B275902E90062510F /* Build configuration list for PBXProject "Counting-ReSwift" */;
			compatibilityVersion = "Xcode 13.0";
			developmentRegion = en;
			hasScannedForEncodings = 0;
			knownRegions = (
				en,
				Base,
			);
			mainGroup = EDE3E097275902E90062510F;
			productRefGroup = EDE3E0A1275902E90062510F /* Products */;
			projectDirPath = "";
			projectRoot = "";
			targets = (
				EDE3E09F275902E90062510F /* Counting-ReSwift */,
			);
		};
/* End PBXProject section */

/* Begin PBXResourcesBuildPhase section */
		EDE3E09E275902E90062510F /* Resources */ = {
			isa = PBXResourcesBuildPhase;
			buildActionMask = 2147483647;
			files = (
				EDE3E0B0275902EB0062510F /* LaunchScreen.storyboard in Resources */,
				EDE3E0AD275902EB0062510F /* Assets.xcassets in Resources */,
				EDE3E0AB275902E90062510F /* Main.storyboard in Resources */,
			);
			runOnlyForDeploymentPostprocessing = 0;
		};
/* End PBXResourcesBuildPhase section */

/* Begin PBXShellScriptBuildPhase section */
		02FCD1AC2F00B8895A93E44B /* [CP] Check Pods Manifest.lock */ = {
			isa = PBXShellScriptBuildPhase;
			buildActionMask = 2147483647;
			files = (
			);
			inputFileListPaths = (
			);
			inputPaths = (
				"${PODS_PODFILE_DIR_PATH}/Podfile.lock",
				"${PODS_ROOT}/Manifest.lock",
			);
			name = "[CP] Check Pods Manifest.lock";
			outputFileListPaths = (
			);
			outputPaths = (
				"$(DERIVED_FILE_DIR)/Pods-Counting-ReSwift-checkManifestLockResult.txt",
			);
			runOnlyForDeploymentPostprocessing = 0;
			shellPath = /bin/sh;
			shellScript = "diff \"${PODS_PODFILE_DIR_PATH}/Podfile.lock\" \"${PODS_ROOT}/Manifest.lock\" > /dev/null\nif [ $? != 0 ] ; then\n    # print error to STDERR\n    echo \"error: The sandbox is not in sync with the Podfile.lock. Run 'pod install' or update your CocoaPods installation.\" >&2\n    exit 1\nfi\n# This output is used by Xcode 'outputs' to avoid re-running this script phase.\necho \"SUCCESS\" > \"${SCRIPT_OUTPUT_FILE_0}\"\n";
			showEnvVarsInLog = 0;
		};
		85B8F1A06C550D1A3C29808F /* [CP] Embed Pods Frameworks */ = {
			isa = PBXShellScriptBuildPhase;
			buildActionMask = 2147483647;
			files = (
			);
			inputFileListPaths = (
				"${PODS_ROOT}/Target Support Files/Pods-Counting-ReSwift/Pods-Counting-ReSwift-frameworks-${CONFIGURATION}-input-files.xcfilelist",
			);
			name = "[CP] Embed Pods Frameworks";
			outputFileListPaths = (
				"${PODS_ROOT}/Target Support Files/Pods-Counting-ReSwift/Pods-Counting-ReSwift-frameworks-${CONFIGURATION}-output-files.xcfilelist",
			);
			runOnlyForDeploymentPostprocessing = 0;
			shellPath = /bin/sh;
			shellScript = "\"${PODS_ROOT}/Target Support Files/Pods-Counting-ReSwift/Pods-Counting-ReSwift-frameworks.sh\"\n";
			showEnvVarsInLog = 0;
		};
/* End PBXShellScriptBuildPhase section */

/* Begin PBXSourcesBuildPhase section */
		EDE3E09C275902E90062510F /* Sources */ = {
			isa = PBXSourcesBuildPhase;
			buildActionMask = 2147483647;
			files = (
				EDE3E0A8275902E90062510F /* ViewController.swift in Sources */,
				EDE3E0BF2759065F0062510F /* CounterReducer.swift in Sources */,
				EDE3E0BD275905FF0062510F /* AppState.swift in Sources */,
				EDE3E0BB275905C10062510F /* Actions.swift in Sources */,
				EDE3E0A4275902E90062510F /* AppDelegate.swift in Sources */,
				EDE3E0A6275902E90062510F /* SceneDelegate.swift in Sources */,
			);
			runOnlyForDeploymentPostprocessing = 0;
		};
/* End PBXSourcesBuildPhase section */

/* Begin PBXVariantGroup section */
		EDE3E0A9275902E90062510F /* Main.storyboard */ = {
			isa = PBXVariantGroup;
			children = (
				EDE3E0AA275902E90062510F /* Base */,
			);
			name = Main.storyboard;
			sourceTree = "<group>";
		};
		EDE3E0AE275902EB0062510F /* LaunchScreen.storyboard */ = {
			isa = PBXVariantGroup;
			children = (
				EDE3E0AF275902EB0062510F /* Base */,
			);
			name = LaunchScreen.storyboard;
			sourceTree = "<group>";
		};
/* End PBXVariantGroup section */

/* Begin XCBuildConfiguration section */
		EDE3E0B2275902EB0062510F /* Debug */ = {
			isa = XCBuildConfiguration;
			buildSettings = {
				ALWAYS_SEARCH_USER_PATHS = NO;
				CLANG_ANALYZER_NONNULL = YES;
				CLANG_ANALYZER_NUMBER_OBJECT_CONVERSION = YES_AGGRESSIVE;
				CLANG_CXX_LANGUAGE_STANDARD = "gnu++17";
				CLANG_CXX_LIBRARY = "libc++";
				CLANG_ENABLE_MODULES = YES;
				CLANG_ENABLE_OBJC_ARC = YES;
				CLANG_ENABLE_OBJC_WEAK = YES;
				CLANG_WARN_BLOCK_CAPTURE_AUTORELEASING = YES;
				CLANG_WARN_BOOL_CONVERSION = YES;
				CLANG_WARN_COMMA = YES;
				CLANG_WARN_CONSTANT_CONVERSION = YES;
				CLANG_WARN_DEPRECATED_OBJC_IMPLEMENTATIONS = YES;
				CLANG_WARN_DIRECT_OBJC_ISA_USAGE = YES_ERROR;
				CLANG_WARN_DOCUMENTATION_COMMENTS = YES;
				CLANG_WARN_EMPTY_BODY = YES;
				CLANG_WARN_ENUM_CONVERSION = YES;
				CLANG_WARN_INFINITE_RECURSION = YES;
				CLANG_WARN_INT_CONVERSION = YES;
				CLANG_WARN_NON_LITERAL_NULL_CONVERSION = YES;
				CLANG_WARN_OBJC_IMPLICIT_RETAIN_SELF = YES;
				CLANG_WARN_OBJC_LITERAL_CONVERSION = YES;
				CLANG_WARN_OBJC_ROOT_CLASS = YES_ERROR;
				CLANG_WARN_QUOTED_INCLUDE_IN_FRAMEWORK_HEADER = YES;
				CLANG_WARN_RANGE_LOOP_ANALYSIS = YES;
				CLANG_WARN_STRICT_PROTOTYPES = YES;
				CLANG_WARN_SUSPICIOUS_MOVE = YES;
				CLANG_WARN_UNGUARDED_AVAILABILITY = YES_AGGRESSIVE;
				CLANG_WARN_UNREACHABLE_CODE = YES;
				CLANG_WARN__DUPLICATE_METHOD_MATCH = YES;
				COPY_PHASE_STRIP = NO;
				DEBUG_INFORMATION_FORMAT = dwarf;
				ENABLE_STRICT_OBJC_MSGSEND = YES;
				ENABLE_TESTABILITY = YES;
				GCC_C_LANGUAGE_STANDARD = gnu11;
				GCC_DYNAMIC_NO_PIC = NO;
				GCC_NO_COMMON_BLOCKS = YES;
				GCC_OPTIMIZATION_LEVEL = 0;
				GCC_PREPROCESSOR_DEFINITIONS = (
					"DEBUG=1",
					"$(inherited)",
				);
				GCC_WARN_64_TO_32_BIT_CONVERSION = YES;
				GCC_WARN_ABOUT_RETURN_TYPE = YES_ERROR;
				GCC_WARN_UNDECLARED_SELECTOR = YES;
				GCC_WARN_UNINITIALIZED_AUTOS = YES_AGGRESSIVE;
				GCC_WARN_UNUSED_FUNCTION = YES;
				GCC_WARN_UNUSED_VARIABLE = YES;
				IPHONEOS_DEPLOYMENT_TARGET = 15.0;
				MTL_ENABLE_DEBUG_INFO = INCLUDE_SOURCE;
				MTL_FAST_MATH = YES;
				ONLY_ACTIVE_ARCH = YES;
				SDKROOT = iphoneos;
				SWIFT_ACTIVE_COMPILATION_CONDITIONS = DEBUG;
				SWIFT_OPTIMIZATION_LEVEL = "-Onone";
			};
			name = Debug;
		};
		EDE3E0B3275902EB0062510F /* Release */ = {
			isa = XCBuildConfiguration;
			buildSettings = {
				ALWAYS_SEARCH_USER_PATHS = NO;
				CLANG_ANALYZER_NONNULL = YES;
				CLANG_ANALYZER_NUMBER_OBJECT_CONVERSION = YES_AGGRESSIVE;
				CLANG_CXX_LANGUAGE_STANDARD = "gnu++17";
				CLANG_CXX_LIBRARY = "libc++";
				CLANG_ENABLE_MODULES = YES;
				CLANG_ENABLE_OBJC_ARC = YES;
				CLANG_ENABLE_OBJC_WEAK = YES;
				CLANG_WARN_BLOCK_CAPTURE_AUTORELEASING = YES;
				CLANG_WARN_BOOL_CONVERSION = YES;
				CLANG_WARN_COMMA = YES;
				CLANG_WARN_CONSTANT_CONVERSION = YES;
				CLANG_WARN_DEPRECATED_OBJC_IMPLEMENTATIONS = YES;
				CLANG_WARN_DIRECT_OBJC_ISA_USAGE = YES_ERROR;
				CLANG_WARN_DOCUMENTATION_COMMENTS = YES;
				CLANG_WARN_EMPTY_BODY = YES;
				CLANG_WARN_ENUM_CONVERSION = YES;
				CLANG_WARN_INFINITE_RECURSION = YES;
				CLANG_WARN_INT_CONVERSION = YES;
				CLANG_WARN_NON_LITERAL_NULL_CONVERSION = YES;
				CLANG_WARN_OBJC_IMPLICIT_RETAIN_SELF = YES;
				CLANG_WARN_OBJC_LITERAL_CONVERSION = YES;
				CLANG_WARN_OBJC_ROOT_CLASS = YES_ERROR;
				CLANG_WARN_QUOTED_INCLUDE_IN_FRAMEWORK_HEADER = YES;
				CLANG_WARN_RANGE_LOOP_ANALYSIS = YES;
				CLANG_WARN_STRICT_PROTOTYPES = YES;
				CLANG_WARN_SUSPICIOUS_MOVE = YES;
				CLANG_WARN_UNGUARDED_AVAILABILITY = YES_AGGRESSIVE;
				CLANG_WARN_UNREACHABLE_CODE = YES;
				CLANG_WARN__DUPLICATE_METHOD_MATCH = YES;
				COPY_PHASE_STRIP = NO;
				DEBUG_INFORMATION_FORMAT = "dwarf-with-dsym";
				ENABLE_NS_ASSERTIONS = NO;
				ENABLE_STRICT_OBJC_MSGSEND = YES;
				GCC_C_LANGUAGE_STANDARD = gnu11;
				GCC_NO_COMMON_BLOCKS = YES;
				GCC_WARN_64_TO_32_BIT_CONVERSION = YES;
				GCC_WARN_ABOUT_RETURN_TYPE = YES_ERROR;
				GCC_WARN_UNDECLARED_SELECTOR = YES;
				GCC_WARN_UNINITIALIZED_AUTOS = YES_AGGRESSIVE;
				GCC_WARN_UNUSED_FUNCTION = YES;
				GCC_WARN_UNUSED_VARIABLE = YES;
				IPHONEOS_DEPLOYMENT_TARGET = 15.0;
				MTL_ENABLE_DEBUG_INFO = NO;
				MTL_FAST_MATH = YES;
				SDKROOT = iphoneos;
				SWIFT_COMPILATION_MODE = wholemodule;
				SWIFT_OPTIMIZATION_LEVEL = "-O";
				VALIDATE_PRODUCT = YES;
			};
			name = Release;
		};
		EDE3E0B5275902EB0062510F /* Debug */ = {
			isa = XCBuildConfiguration;
			baseConfigurationReference = D7080B2486BA746653C996B4 /* Pods-Counting-ReSwift.debug.xcconfig */;
			buildSettings = {
				ASSETCATALOG_COMPILER_APPICON_NAME = AppIcon;
				ASSETCATALOG_COMPILER_GLOBAL_ACCENT_COLOR_NAME = AccentColor;
				CODE_SIGN_STYLE = Automatic;
				CURRENT_PROJECT_VERSION = 1;
				GENERATE_INFOPLIST_FILE = YES;
				INFOPLIST_FILE = "Counting-ReSwift/Info.plist";
				INFOPLIST_KEY_UIApplicationSupportsIndirectInputEvents = YES;
				INFOPLIST_KEY_UILaunchStoryboardName = LaunchScreen;
				INFOPLIST_KEY_UIMainStoryboardFile = Main;
				INFOPLIST_KEY_UISupportedInterfaceOrientations_iPad = "UIInterfaceOrientationPortrait UIInterfaceOrientationPortraitUpsideDown UIInterfaceOrientationLandscapeLeft UIInterfaceOrientationLandscapeRight";
				INFOPLIST_KEY_UISupportedInterfaceOrientations_iPhone = "UIInterfaceOrientationPortrait UIInterfaceOrientationLandscapeLeft UIInterfaceOrientationLandscapeRight";
				LD_RUNPATH_SEARCH_PATHS = (
					"$(inherited)",
					"@executable_path/Frameworks",
				);
				MARKETING_VERSION = 1.0;
				PRODUCT_BUNDLE_IDENTIFIER = "com.tiekle.Counting-ReSwift";
				PRODUCT_NAME = "$(TARGET_NAME)";
				SWIFT_EMIT_LOC_STRINGS = YES;
				SWIFT_VERSION = 5.0;
				TARGETED_DEVICE_FAMILY = "1,2";
			};
			name = Debug;
		};
		EDE3E0B6275902EB0062510F /* Release */ = {
			isa = XCBuildConfiguration;
			baseConfigurationReference = 4CB8B671BDFB084FF715A3E3 /* Pods-Counting-ReSwift.release.xcconfig */;
			buildSettings = {
				ASSETCATALOG_COMPILER_APPICON_NAME = AppIcon;
				ASSETCATALOG_COMPILER_GLOBAL_ACCENT_COLOR_NAME = AccentColor;
				CODE_SIGN_STYLE = Automatic;
				CURRENT_PROJECT_VERSION = 1;
				GENERATE_INFOPLIST_FILE = YES;
				INFOPLIST_FILE = "Counting-ReSwift/Info.plist";
				INFOPLIST_KEY_UIApplicationSupportsIndirectInputEvents = YES;
				INFOPLIST_KEY_UILaunchStoryboardName = LaunchScreen;
				INFOPLIST_KEY_UIMainStoryboardFile = Main;
				INFOPLIST_KEY_UISupportedInterfaceOrientations_iPad = "UIInterfaceOrientationPortrait UIInterfaceOrientationPortraitUpsideDown UIInterfaceOrientationLandscapeLeft UIInterfaceOrientationLandscapeRight";
				INFOPLIST_KEY_UISupportedInterfaceOrientations_iPhone = "UIInterfaceOrientationPortrait UIInterfaceOrientationLandscapeLeft UIInterfaceOrientationLandscapeRight";
				LD_RUNPATH_SEARCH_PATHS = (
					"$(inherited)",
					"@executable_path/Frameworks",
				);
				MARKETING_VERSION = 1.0;
				PRODUCT_BUNDLE_IDENTIFIER = "com.tiekle.Counting-ReSwift";
				PRODUCT_NAME = "$(TARGET_NAME)";
				SWIFT_EMIT_LOC_STRINGS = YES;
				SWIFT_VERSION = 5.0;
				TARGETED_DEVICE_FAMILY = "1,2";
			};
			name = Release;
		};
/* End XCBuildConfiguration section */

/* Begin XCConfigurationList section */
		EDE3E09B275902E90062510F /* Build configuration list for PBXProject "Counting-ReSwift" */ = {
			isa = XCConfigurationList;
			buildConfigurations = (
				EDE3E0B2275902EB0062510F /* Debug */,
				EDE3E0B3275902EB0062510F /* Release */,
			);
			defaultConfigurationIsVisible = 0;
			defaultConfigurationName = Release;
		};
		EDE3E0B4275902EB0062510F /* Build configuration list for PBXNativeTarget "Counting-ReSwift" */ = {
			isa = XCConfigurationList;
			buildConfigurations = (
				EDE3E0B5275902EB0062510F /* Debug */,
				EDE3E0B6275902EB0062510F /* Release */,
			);
			defaultConfigurationIsVisible = 0;
			defaultConfigurationName = Release;
		};
/* End XCConfigurationList section */
	};
	rootObject = EDE3E098275902E90062510F /* Project object */;
}
