PODS:
  - BSImagePicker (3.3.1)
  - SnapKit (5.0.1)

DEPENDENCIES:
  - BSImagePicker (~> 3.1)
  - SnapKit (~> 5.0.0)

SPEC REPOS:
  trunk:
    - BSImagePicker
    - SnapKit

SPEC CHECKSUMS:
  BSImagePicker: 0fe04b574d4d6b81093785d2af6c26227efc8428
  SnapKit: 97b92857e3df3a0c71833cce143274bf6ef8e5eb

PODFILE CHECKSUM: d49f664e5e835cd4b28748b1e899024c6dacf07f

COCOAPODS: 1.9.3
