// !$*UTF8*$!
{
	archiveVersion = 1;
	classes = {
	};
	objectVersion = 50;
	objects = {

/* Begin PBXBuildFile section */
		EDD46F3226BE583900FA91F2 /* AppDelegate.swift in Sources */ = {isa = PBXBuildFile; fileRef = EDD46F3126BE583900FA91F2 /* AppDelegate.swift */; };
		EDD46F3426BE583900FA91F2 /* SceneDelegate.swift in Sources */ = {isa = PBXBuildFile; fileRef = EDD46F3326BE583900FA91F2 /* SceneDelegate.swift */; };
		EDD46F3626BE583900FA91F2 /* ViewController.swift in Sources */ = {isa = PBXBuildFile; fileRef = EDD46F3526BE583900FA91F2 /* ViewController.swift */; };
		EDD46F3926BE583900FA91F2 /* Main.storyboard in Resources */ = {isa = PBXBuildFile; fileRef = EDD46F3726BE583900FA91F2 /* Main.storyboard */; };
		EDD46F3B26BE583B00FA91F2 /* Assets.xcassets in Resources */ = {isa = PBXBuildFile; fileRef = EDD46F3A26BE583B00FA91F2 /* Assets.xcassets */; };
		EDD46F3E26BE583B00FA91F2 /* LaunchScreen.storyboard in Resources */ = {isa = PBXBuildFile; fileRef = EDD46F3C26BE583B00FA91F2 /* LaunchScreen.storyboard */; };
		EDD46F4626BE584800FA91F2 /* UILabel+.swift in Sources */ = {isa = PBXBuildFile; fileRef = EDD46F4526BE584800FA91F2 /* UILabel+.swift */; };
/* End PBXBuildFile section */

/* Begin PBXFileReference section */
		EDD46F2E26BE583900FA91F2 /* TypingAnimationTest.app */ = {isa = PBXFileReference; explicitFileType = wrapper.application; includeInIndex = 0; path = TypingAnimationTest.app; sourceTree = BUILT_PRODUCTS_DIR; };
		EDD46F3126BE583900FA91F2 /* AppDelegate.swift */ = {isa = PBXFileReference; lastKnownFileType = sourcecode.swift; path = AppDelegate.swift; sourceTree = "<group>"; };
		EDD46F3326BE583900FA91F2 /* SceneDelegate.swift */ = {isa = PBXFileReference; lastKnownFileType = sourcecode.swift; path = SceneDelegate.swift; sourceTree = "<group>"; };
		EDD46F3526BE583900FA91F2 /* ViewController.swift */ = {isa = PBXFileReference; lastKnownFileType = sourcecode.swift; path = ViewController.swift; sourceTree = "<group>"; };
		EDD46F3826BE583900FA91F2 /* Base */ = {isa = PBXFileReference; lastKnownFileType = file.storyboard; name = Base; path = Base.lproj/Main.storyboard; sourceTree = "<group>"; };
		EDD46F3A26BE583B00FA91F2 /* Assets.xcassets */ = {isa = PBXFileReference; lastKnownFileType = folder.assetcatalog; path = Assets.xcassets; sourceTree = "<group>"; };
		EDD46F3D26BE583B00FA91F2 /* Base */ = {isa = PBXFileReference; lastKnownFileType = file.storyboard; name = Base; path = Base.lproj/LaunchScreen.storyboard; sourceTree = "<group>"; };
		EDD46F3F26BE583B00FA91F2 /* Info.plist */ = {isa = PBXFileReference; lastKnownFileType = text.plist.xml; path = Info.plist; sourceTree = "<group>"; };
		EDD46F4526BE584800FA91F2 /* UILabel+.swift */ = {isa = PBXFileReference; lastKnownFileType = sourcecode.swift; path = "UILabel+.swift"; sourceTree = "<group>"; };
/* End PBXFileReference section */

/* Begin PBXFrameworksBuildPhase section */
		EDD46F2B26BE583900FA91F2 /* Frameworks */ = {
			isa = PBXFrameworksBuildPhase;
			buildActionMask = 2147483647;
			files = (
			);
			runOnlyForDeploymentPostprocessing = 0;
		};
/* End PBXFrameworksBuildPhase section */

/* Begin PBXGroup section */
		EDD46F2526BE583900FA91F2 = {
			isa = PBXGroup;
			children = (
				EDD46F3026BE583900FA91F2 /* TypingAnimationTest */,
				EDD46F2F26BE583900FA91F2 /* Products */,
			);
			sourceTree = "<group>";
		};
		EDD46F2F26BE583900FA91F2 /* Products */ = {
			isa = PBXGroup;
			children = (
				EDD46F2E26BE583900FA91F2 /* TypingAnimationTest.app */,
			);
			name = Products;
			sourceTree = "<group>";
		};
		EDD46F3026BE583900FA91F2 /* TypingAnimationTest */ = {
			isa = PBXGroup;
			children = (
				EDD46F3126BE583900FA91F2 /* AppDelegate.swift */,
				EDD46F3326BE583900FA91F2 /* SceneDelegate.swift */,
				EDD46F3526BE583900FA91F2 /* ViewController.swift */,
				EDD46F3726BE583900FA91F2 /* Main.storyboard */,
				EDD46F3A26BE583B00FA91F2 /* Assets.xcassets */,
				EDD46F3C26BE583B00FA91F2 /* LaunchScreen.storyboard */,
				EDD46F3F26BE583B00FA91F2 /* Info.plist */,
				EDD46F4526BE584800FA91F2 /* UILabel+.swift */,
			);
			path = TypingAnimationTest;
			sourceTree = "<group>";
		};
/* End PBXGroup section */

/* Begin PBXNativeTarget section */
		EDD46F2D26BE583900FA91F2 /* TypingAnimationTest */ = {
			isa = PBXNativeTarget;
			buildConfigurationList = EDD46F4226BE583B00FA91F2 /* Build configuration list for PBXNativeTarget "TypingAnimationTest" */;
			buildPhases = (
				EDD46F2A26BE583900FA91F2 /* Sources */,
				EDD46F2B26BE583900FA91F2 /* Frameworks */,
				EDD46F2C26BE583900FA91F2 /* Resources */,
			);
			buildRules = (
			);
			dependencies = (
			);
			name = TypingAnimationTest;
			productName = TypingAnimationTest;
			productReference = EDD46F2E26BE583900FA91F2 /* TypingAnimationTest.app */;
			productType = "com.apple.product-type.application";
		};
/* End PBXNativeTarget section */

/* Begin PBXProject section */
		EDD46F2626BE583900FA91F2 /* Project object */ = {
			isa = PBXProject;
			attributes = {
				LastSwiftUpdateCheck = 1250;
				LastUpgradeCheck = 1250;
				TargetAttributes = {
					EDD46F2D26BE583900FA91F2 = {
						CreatedOnToolsVersion = 12.5.1;
					};
				};
			};
			buildConfigurationList = EDD46F2926BE583900FA91F2 /* Build configuration list for PBXProject "TypingAnimationTest" */;
			compatibilityVersion = "Xcode 9.3";
			developmentRegion = en;
			hasScannedForEncodings = 0;
			knownRegions = (
				en,
				Base,
			);
			mainGroup = EDD46F2526BE583900FA91F2;
			productRefGroup = EDD46F2F26BE583900FA91F2 /* Products */;
			projectDirPath = "";
			projectRoot = "";
			targets = (
				EDD46F2D26BE583900FA91F2 /* TypingAnimationTest */,
			);
		};
/* End PBXProject section */

/* Begin PBXResourcesBuildPhase section */
		EDD46F2C26BE583900FA91F2 /* Resources */ = {
			isa = PBXResourcesBuildPhase;
			buildActionMask = 2147483647;
			files = (
				EDD46F3E26BE583B00FA91F2 /* LaunchScreen.storyboard in Resources */,
				EDD46F3B26BE583B00FA91F2 /* Assets.xcassets in Resources */,
				EDD46F3926BE583900FA91F2 /* Main.storyboard in Resources */,
			);
			runOnlyForDeploymentPostprocessing = 0;
		};
/* End PBXResourcesBuildPhase section */

/* Begin PBXSourcesBuildPhase section */
		EDD46F2A26BE583900FA91F2 /* Sources */ = {
			isa = PBXSourcesBuildPhase;
			buildActionMask = 2147483647;
			files = (
				EDD46F3626BE583900FA91F2 /* ViewController.swift in Sources */,
				EDD46F3226BE583900FA91F2 /* AppDelegate.swift in Sources */,
				EDD46F4626BE584800FA91F2 /* UILabel+.swift in Sources */,
				EDD46F3426BE583900FA91F2 /* SceneDelegate.swift in Sources */,
			);
			runOnlyForDeploymentPostprocessing = 0;
		};
/* End PBXSourcesBuildPhase section */

/* Begin PBXVariantGroup section */
		EDD46F3726BE583900FA91F2 /* Main.storyboard */ = {
			isa = PBXVariantGroup;
			children = (
				EDD46F3826BE583900FA91F2 /* Base */,
			);
			name = Main.storyboard;
			sourceTree = "<group>";
		};
		EDD46F3C26BE583B00FA91F2 /* LaunchScreen.storyboard */ = {
			isa = PBXVariantGroup;
			children = (
				EDD46F3D26BE583B00FA91F2 /* Base */,
			);
			name = LaunchScreen.storyboard;
			sourceTree = "<group>";
		};
/* End PBXVariantGroup section */

/* Begin XCBuildConfiguration section */
		EDD46F4026BE583B00FA91F2 /* Debug */ = {
			isa = XCBuildConfiguration;
			buildSettings = {
				ALWAYS_SEARCH_USER_PATHS = NO;
				CLANG_ANALYZER_NONNULL = YES;
				CLANG_ANALYZER_NUMBER_OBJECT_CONVERSION = YES_AGGRESSIVE;
				CLANG_CXX_LANGUAGE_STANDARD = "gnu++14";
				CLANG_CXX_LIBRARY = "libc++";
				CLANG_ENABLE_MODULES = YES;
				CLANG_ENABLE_OBJC_ARC = YES;
				CLANG_ENABLE_OBJC_WEAK = YES;
				CLANG_WARN_BLOCK_CAPTURE_AUTORELEASING = YES;
				CLANG_WARN_BOOL_CONVERSION = YES;
				CLANG_WARN_COMMA = YES;
				CLANG_WARN_CONSTANT_CONVERSION = YES;
				CLANG_WARN_DEPRECATED_OBJC_IMPLEMENTATIONS = YES;
				CLANG_WARN_DIRECT_OBJC_ISA_USAGE = YES_ERROR;
				CLANG_WARN_DOCUMENTATION_COMMENTS = YES;
				CLANG_WARN_EMPTY_BODY = YES;
				CLANG_WARN_ENUM_CONVERSION = YES;
				CLANG_WARN_INFINITE_RECURSION = YES;
				CLANG_WARN_INT_CONVERSION = YES;
				CLANG_WARN_NON_LITERAL_NULL_CONVERSION = YES;
				CLANG_WARN_OBJC_IMPLICIT_RETAIN_SELF = YES;
				CLANG_WARN_OBJC_LITERAL_CONVERSION = YES;
				CLANG_WARN_OBJC_ROOT_CLASS = YES_ERROR;
				CLANG_WARN_QUOTED_INCLUDE_IN_FRAMEWORK_HEADER = YES;
				CLANG_WARN_RANGE_LOOP_ANALYSIS = YES;
				CLANG_WARN_STRICT_PROTOTYPES = YES;
				CLANG_WARN_SUSPICIOUS_MOVE = YES;
				CLANG_WARN_UNGUARDED_AVAILABILITY = YES_AGGRESSIVE;
				CLANG_WARN_UNREACHABLE_CODE = YES;
				CLANG_WARN__DUPLICATE_METHOD_MATCH = YES;
				COPY_PHASE_STRIP = NO;
				DEBUG_INFORMATION_FORMAT = dwarf;
				ENABLE_STRICT_OBJC_MSGSEND = YES;
				ENABLE_TESTABILITY = YES;
				GCC_C_LANGUAGE_STANDARD = gnu11;
				GCC_DYNAMIC_NO_PIC = NO;
				GCC_NO_COMMON_BLOCKS = YES;
				GCC_OPTIMIZATION_LEVEL = 0;
				GCC_PREPROCESSOR_DEFINITIONS = (
					"DEBUG=1",
					"$(inherited)",
				);
				GCC_WARN_64_TO_32_BIT_CONVERSION = YES;
				GCC_WARN_ABOUT_RETURN_TYPE = YES_ERROR;
				GCC_WARN_UNDECLARED_SELECTOR = YES;
				GCC_WARN_UNINITIALIZED_AUTOS = YES_AGGRESSIVE;
				GCC_WARN_UNUSED_FUNCTION = YES;
				GCC_WARN_UNUSED_VARIABLE = YES;
				IPHONEOS_DEPLOYMENT_TARGET = 14.5;
				MTL_ENABLE_DEBUG_INFO = INCLUDE_SOURCE;
				MTL_FAST_MATH = YES;
				ONLY_ACTIVE_ARCH = YES;
				SDKROOT = iphoneos;
				SWIFT_ACTIVE_COMPILATION_CONDITIONS = DEBUG;
				SWIFT_OPTIMIZATION_LEVEL = "-Onone";
			};
			name = Debug;
		};
		EDD46F4126BE583B00FA91F2 /* Release */ = {
			isa = XCBuildConfiguration;
			buildSettings = {
				ALWAYS_SEARCH_USER_PATHS = NO;
				CLANG_ANALYZER_NONNULL = YES;
				CLANG_ANALYZER_NUMBER_OBJECT_CONVERSION = YES_AGGRESSIVE;
				CLANG_CXX_LANGUAGE_STANDARD = "gnu++14";
				CLANG_CXX_LIBRARY = "libc++";
				CLANG_ENABLE_MODULES = YES;
				CLANG_ENABLE_OBJC_ARC = YES;
				CLANG_ENABLE_OBJC_WEAK = YES;
				CLANG_WARN_BLOCK_CAPTURE_AUTORELEASING = YES;
				CLANG_WARN_BOOL_CONVERSION = YES;
				CLANG_WARN_COMMA = YES;
				CLANG_WARN_CONSTANT_CONVERSION = YES;
				CLANG_WARN_DEPRECATED_OBJC_IMPLEMENTATIONS = YES;
				CLANG_WARN_DIRECT_OBJC_ISA_USAGE = YES_ERROR;
				CLANG_WARN_DOCUMENTATION_COMMENTS = YES;
				CLANG_WARN_EMPTY_BODY = YES;
				CLANG_WARN_ENUM_CONVERSION = YES;
				CLANG_WARN_INFINITE_RECURSION = YES;
				CLANG_WARN_INT_CONVERSION = YES;
				CLANG_WARN_NON_LITERAL_NULL_CONVERSION = YES;
				CLANG_WARN_OBJC_IMPLICIT_RETAIN_SELF = YES;
				CLANG_WARN_OBJC_LITERAL_CONVERSION = YES;
				CLANG_WARN_OBJC_ROOT_CLASS = YES_ERROR;
				CLANG_WARN_QUOTED_INCLUDE_IN_FRAMEWORK_HEADER = YES;
				CLANG_WARN_RANGE_LOOP_ANALYSIS = YES;
				CLANG_WARN_STRICT_PROTOTYPES = YES;
				CLANG_WARN_SUSPICIOUS_MOVE = YES;
				CLANG_WARN_UNGUARDED_AVAILABILITY = YES_AGGRESSIVE;
				CLANG_WARN_UNREACHABLE_CODE = YES;
				CLANG_WARN__DUPLICATE_METHOD_MATCH = YES;
				COPY_PHASE_STRIP = NO;
				DEBUG_INFORMATION_FORMAT = "dwarf-with-dsym";
				ENABLE_NS_ASSERTIONS = NO;
				ENABLE_STRICT_OBJC_MSGSEND = YES;
				GCC_C_LANGUAGE_STANDARD = gnu11;
				GCC_NO_COMMON_BLOCKS = YES;
				GCC_WARN_64_TO_32_BIT_CONVERSION = YES;
				GCC_WARN_ABOUT_RETURN_TYPE = YES_ERROR;
				GCC_WARN_UNDECLARED_SELECTOR = YES;
				GCC_WARN_UNINITIALIZED_AUTOS = YES_AGGRESSIVE;
				GCC_WARN_UNUSED_FUNCTION = YES;
				GCC_WARN_UNUSED_VARIABLE = YES;
				IPHONEOS_DEPLOYMENT_TARGET = 14.5;
				MTL_ENABLE_DEBUG_INFO = NO;
				MTL_FAST_MATH = YES;
				SDKROOT = iphoneos;
				SWIFT_COMPILATION_MODE = wholemodule;
				SWIFT_OPTIMIZATION_LEVEL = "-O";
				VALIDATE_PRODUCT = YES;
			};
			name = Release;
		};
		EDD46F4326BE583B00FA91F2 /* Debug */ = {
			isa = XCBuildConfiguration;
			buildSettings = {
				ASSETCATALOG_COMPILER_APPICON_NAME = AppIcon;
				ASSETCATALOG_COMPILER_GLOBAL_ACCENT_COLOR_NAME = AccentColor;
				CODE_SIGN_STYLE = Automatic;
				INFOPLIST_FILE = TypingAnimationTest/Info.plist;
				LD_RUNPATH_SEARCH_PATHS = (
					"$(inherited)",
					"@executable_path/Frameworks",
				);
				PRODUCT_BUNDLE_IDENTIFIER = com.tiekle.TypingAnimationTest;
				PRODUCT_NAME = "$(TARGET_NAME)";
				SWIFT_VERSION = 5.0;
				TARGETED_DEVICE_FAMILY = "1,2";
			};
			name = Debug;
		};
		EDD46F4426BE583B00FA91F2 /* Release */ = {
			isa = XCBuildConfiguration;
			buildSettings = {
				ASSETCATALOG_COMPILER_APPICON_NAME = AppIcon;
				ASSETCATALOG_COMPILER_GLOBAL_ACCENT_COLOR_NAME = AccentColor;
				CODE_SIGN_STYLE = Automatic;
				INFOPLIST_FILE = TypingAnimationTest/Info.plist;
				LD_RUNPATH_SEARCH_PATHS = (
					"$(inherited)",
					"@executable_path/Frameworks",
				);
				PRODUCT_BUNDLE_IDENTIFIER = com.tiekle.TypingAnimationTest;
				PRODUCT_NAME = "$(TARGET_NAME)";
				SWIFT_VERSION = 5.0;
				TARGETED_DEVICE_FAMILY = "1,2";
			};
			name = Release;
		};
/* End XCBuildConfiguration section */

/* Begin XCConfigurationList section */
		EDD46F2926BE583900FA91F2 /* Build configuration list for PBXProject "TypingAnimationTest" */ = {
			isa = XCConfigurationList;
			buildConfigurations = (
				EDD46F4026BE583B00FA91F2 /* Debug */,
				EDD46F4126BE583B00FA91F2 /* Release */,
			);
			defaultConfigurationIsVisible = 0;
			defaultConfigurationName = Release;
		};
		EDD46F4226BE583B00FA91F2 /* Build configuration list for PBXNativeTarget "TypingAnimationTest" */ = {
			isa = XCConfigurationList;
			buildConfigurations = (
				EDD46F4326BE583B00FA91F2 /* Debug */,
				EDD46F4426BE583B00FA91F2 /* Release */,
			);
			defaultConfigurationIsVisible = 0;
			defaultConfigurationName = Release;
		};
/* End XCConfigurationList section */
	};
	rootObject = EDD46F2626BE583900FA91F2 /* Project object */;
}
