// !$*UTF8*$!
{
	archiveVersion = 1;
	classes = {
	};
	objectVersion = 55;
	objects = {

/* Begin PBXBuildFile section */
		ED7BB9B02754A5F700A517F1 /* AppDelegate.swift in Sources */ = {isa = PBXBuildFile; fileRef = ED7BB9AF2754A5F700A517F1 /* AppDelegate.swift */; };
		ED7BB9B22754A5F700A517F1 /* SceneDelegate.swift in Sources */ = {isa = PBXBuildFile; fileRef = ED7BB9B12754A5F700A517F1 /* SceneDelegate.swift */; };
		ED7BB9B42754A5F700A517F1 /* ViewController.swift in Sources */ = {isa = PBXBuildFile; fileRef = ED7BB9B32754A5F700A517F1 /* ViewController.swift */; };
		ED7BB9B72754A5F700A517F1 /* Main.storyboard in Resources */ = {isa = PBXBuildFile; fileRef = ED7BB9B52754A5F700A517F1 /* Main.storyboard */; };
		ED7BB9B92754A5F800A517F1 /* Assets.xcassets in Resources */ = {isa = PBXBuildFile; fileRef = ED7BB9B82754A5F800A517F1 /* Assets.xcassets */; };
		ED7BB9BC2754A5F800A517F1 /* LaunchScreen.storyboard in Resources */ = {isa = PBXBuildFile; fileRef = ED7BB9BA2754A5F800A517F1 /* LaunchScreen.storyboard */; };
		ED7BB9CB2754A61500A517F1 /* UniformTypeIdentifiers.framework in Frameworks */ = {isa = PBXBuildFile; fileRef = ED7BB9CA2754A61500A517F1 /* UniformTypeIdentifiers.framework */; };
		ED7BB9CE2754A61500A517F1 /* Media.xcassets in Resources */ = {isa = PBXBuildFile; fileRef = ED7BB9CD2754A61500A517F1 /* Media.xcassets */; };
		ED7BB9D02754A61500A517F1 /* ActionViewController.swift in Sources */ = {isa = PBXBuildFile; fileRef = ED7BB9CF2754A61500A517F1 /* ActionViewController.swift */; };
		ED7BB9D32754A61500A517F1 /* MainInterface.storyboard in Resources */ = {isa = PBXBuildFile; fileRef = ED7BB9D12754A61500A517F1 /* MainInterface.storyboard */; };
		ED7BB9D72754A61500A517F1 /* Action.appex in Embed App Extensions */ = {isa = PBXBuildFile; fileRef = ED7BB9C82754A61500A517F1 /* Action.appex */; settings = {ATTRIBUTES = (RemoveHeadersOnCopy, ); }; };
		ED7BB9E32754A63000A517F1 /* ShareViewController.swift in Sources */ = {isa = PBXBuildFile; fileRef = ED7BB9E22754A63000A517F1 /* ShareViewController.swift */; };
		ED7BB9E62754A63000A517F1 /* MainInterface.storyboard in Resources */ = {isa = PBXBuildFile; fileRef = ED7BB9E42754A63000A517F1 /* MainInterface.storyboard */; };
		ED7BB9EA2754A63000A517F1 /* Share.appex in Embed App Extensions */ = {isa = PBXBuildFile; fileRef = ED7BB9E02754A63000A517F1 /* Share.appex */; settings = {ATTRIBUTES = (RemoveHeadersOnCopy, ); }; };
/* End PBXBuildFile section */

/* Begin PBXContainerItemProxy section */
		ED7BB9D52754A61500A517F1 /* PBXContainerItemProxy */ = {
			isa = PBXContainerItemProxy;
			containerPortal = ED7BB9A42754A5F700A517F1 /* Project object */;
			proxyType = 1;
			remoteGlobalIDString = ED7BB9C72754A61500A517F1;
			remoteInfo = Action;
		};
		ED7BB9E82754A63000A517F1 /* PBXContainerItemProxy */ = {
			isa = PBXContainerItemProxy;
			containerPortal = ED7BB9A42754A5F700A517F1 /* Project object */;
			proxyType = 1;
			remoteGlobalIDString = ED7BB9DF2754A63000A517F1;
			remoteInfo = Share;
		};
/* End PBXContainerItemProxy section */

/* Begin PBXCopyFilesBuildPhase section */
		ED7BB9DB2754A61500A517F1 /* Embed App Extensions */ = {
			isa = PBXCopyFilesBuildPhase;
			buildActionMask = 2147483647;
			dstPath = "";
			dstSubfolderSpec = 13;
			files = (
				ED7BB9EA2754A63000A517F1 /* Share.appex in Embed App Extensions */,
				ED7BB9D72754A61500A517F1 /* Action.appex in Embed App Extensions */,
			);
			name = "Embed App Extensions";
			runOnlyForDeploymentPostprocessing = 0;
		};
/* End PBXCopyFilesBuildPhase section */

/* Begin PBXFileReference section */
		ED7BB9AC2754A5F700A517F1 /* Action-Extension-Shared.app */ = {isa = PBXFileReference; explicitFileType = wrapper.application; includeInIndex = 0; path = "Action-Extension-Shared.app"; sourceTree = BUILT_PRODUCTS_DIR; };
		ED7BB9AF2754A5F700A517F1 /* AppDelegate.swift */ = {isa = PBXFileReference; lastKnownFileType = sourcecode.swift; path = AppDelegate.swift; sourceTree = "<group>"; };
		ED7BB9B12754A5F700A517F1 /* SceneDelegate.swift */ = {isa = PBXFileReference; lastKnownFileType = sourcecode.swift; path = SceneDelegate.swift; sourceTree = "<group>"; };
		ED7BB9B32754A5F700A517F1 /* ViewController.swift */ = {isa = PBXFileReference; lastKnownFileType = sourcecode.swift; path = ViewController.swift; sourceTree = "<group>"; };
		ED7BB9B62754A5F700A517F1 /* Base */ = {isa = PBXFileReference; lastKnownFileType = file.storyboard; name = Base; path = Base.lproj/Main.storyboard; sourceTree = "<group>"; };
		ED7BB9B82754A5F800A517F1 /* Assets.xcassets */ = {isa = PBXFileReference; lastKnownFileType = folder.assetcatalog; path = Assets.xcassets; sourceTree = "<group>"; };
		ED7BB9BB2754A5F800A517F1 /* Base */ = {isa = PBXFileReference; lastKnownFileType = file.storyboard; name = Base; path = Base.lproj/LaunchScreen.storyboard; sourceTree = "<group>"; };
		ED7BB9BD2754A5F800A517F1 /* Info.plist */ = {isa = PBXFileReference; lastKnownFileType = text.plist.xml; path = Info.plist; sourceTree = "<group>"; };
		ED7BB9C82754A61500A517F1 /* Action.appex */ = {isa = PBXFileReference; explicitFileType = "wrapper.app-extension"; includeInIndex = 0; path = Action.appex; sourceTree = BUILT_PRODUCTS_DIR; };
		ED7BB9CA2754A61500A517F1 /* UniformTypeIdentifiers.framework */ = {isa = PBXFileReference; lastKnownFileType = wrapper.framework; name = UniformTypeIdentifiers.framework; path = System/Library/Frameworks/UniformTypeIdentifiers.framework; sourceTree = SDKROOT; };
		ED7BB9CD2754A61500A517F1 /* Media.xcassets */ = {isa = PBXFileReference; lastKnownFileType = folder.assetcatalog; path = Media.xcassets; sourceTree = "<group>"; };
		ED7BB9CF2754A61500A517F1 /* ActionViewController.swift */ = {isa = PBXFileReference; lastKnownFileType = sourcecode.swift; path = ActionViewController.swift; sourceTree = "<group>"; };
		ED7BB9D22754A61500A517F1 /* Base */ = {isa = PBXFileReference; lastKnownFileType = file.storyboard; name = Base; path = Base.lproj/MainInterface.storyboard; sourceTree = "<group>"; };
		ED7BB9D42754A61500A517F1 /* Info.plist */ = {isa = PBXFileReference; lastKnownFileType = text.plist.xml; path = Info.plist; sourceTree = "<group>"; };
		ED7BB9E02754A63000A517F1 /* Share.appex */ = {isa = PBXFileReference; explicitFileType = "wrapper.app-extension"; includeInIndex = 0; path = Share.appex; sourceTree = BUILT_PRODUCTS_DIR; };
		ED7BB9E22754A63000A517F1 /* ShareViewController.swift */ = {isa = PBXFileReference; lastKnownFileType = sourcecode.swift; path = ShareViewController.swift; sourceTree = "<group>"; };
		ED7BB9E52754A63000A517F1 /* Base */ = {isa = PBXFileReference; lastKnownFileType = file.storyboard; name = Base; path = Base.lproj/MainInterface.storyboard; sourceTree = "<group>"; };
		ED7BB9E72754A63000A517F1 /* Info.plist */ = {isa = PBXFileReference; lastKnownFileType = text.plist.xml; path = Info.plist; sourceTree = "<group>"; };
/* End PBXFileReference section */

/* Begin PBXFrameworksBuildPhase section */
		ED7BB9A92754A5F700A517F1 /* Frameworks */ = {
			isa = PBXFrameworksBuildPhase;
			buildActionMask = 2147483647;
			files = (
			);
			runOnlyForDeploymentPostprocessing = 0;
		};
		ED7BB9C52754A61500A517F1 /* Frameworks */ = {
			isa = PBXFrameworksBuildPhase;
			buildActionMask = 2147483647;
			files = (
				ED7BB9CB2754A61500A517F1 /* UniformTypeIdentifiers.framework in Frameworks */,
			);
			runOnlyForDeploymentPostprocessing = 0;
		};
		ED7BB9DD2754A63000A517F1 /* Frameworks */ = {
			isa = PBXFrameworksBuildPhase;
			buildActionMask = 2147483647;
			files = (
			);
			runOnlyForDeploymentPostprocessing = 0;
		};
/* End PBXFrameworksBuildPhase section */

/* Begin PBXGroup section */
		ED7BB9A32754A5F700A517F1 = {
			isa = PBXGroup;
			children = (
				ED7BB9AE2754A5F700A517F1 /* Action-Extension-Shared */,
				ED7BB9CC2754A61500A517F1 /* Action */,
				ED7BB9E12754A63000A517F1 /* Share */,
				ED7BB9C92754A61500A517F1 /* Frameworks */,
				ED7BB9AD2754A5F700A517F1 /* Products */,
			);
			sourceTree = "<group>";
		};
		ED7BB9AD2754A5F700A517F1 /* Products */ = {
			isa = PBXGroup;
			children = (
				ED7BB9AC2754A5F700A517F1 /* Action-Extension-Shared.app */,
				ED7BB9C82754A61500A517F1 /* Action.appex */,
				ED7BB9E02754A63000A517F1 /* Share.appex */,
			);
			name = Products;
			sourceTree = "<group>";
		};
		ED7BB9AE2754A5F700A517F1 /* Action-Extension-Shared */ = {
			isa = PBXGroup;
			children = (
				ED7BB9AF2754A5F700A517F1 /* AppDelegate.swift */,
				ED7BB9B12754A5F700A517F1 /* SceneDelegate.swift */,
				ED7BB9B32754A5F700A517F1 /* ViewController.swift */,
				ED7BB9B52754A5F700A517F1 /* Main.storyboard */,
				ED7BB9B82754A5F800A517F1 /* Assets.xcassets */,
				ED7BB9BA2754A5F800A517F1 /* LaunchScreen.storyboard */,
				ED7BB9BD2754A5F800A517F1 /* Info.plist */,
			);
			path = "Action-Extension-Shared";
			sourceTree = "<group>";
		};
		ED7BB9C92754A61500A517F1 /* Frameworks */ = {
			isa = PBXGroup;
			children = (
				ED7BB9CA2754A61500A517F1 /* UniformTypeIdentifiers.framework */,
			);
			name = Frameworks;
			sourceTree = "<group>";
		};
		ED7BB9CC2754A61500A517F1 /* Action */ = {
			isa = PBXGroup;
			children = (
				ED7BB9CD2754A61500A517F1 /* Media.xcassets */,
				ED7BB9CF2754A61500A517F1 /* ActionViewController.swift */,
				ED7BB9D12754A61500A517F1 /* MainInterface.storyboard */,
				ED7BB9D42754A61500A517F1 /* Info.plist */,
			);
			path = Action;
			sourceTree = "<group>";
		};
		ED7BB9E12754A63000A517F1 /* Share */ = {
			isa = PBXGroup;
			children = (
				ED7BB9E22754A63000A517F1 /* ShareViewController.swift */,
				ED7BB9E42754A63000A517F1 /* MainInterface.storyboard */,
				ED7BB9E72754A63000A517F1 /* Info.plist */,
			);
			path = Share;
			sourceTree = "<group>";
		};
/* End PBXGroup section */

/* Begin PBXNativeTarget section */
		ED7BB9AB2754A5F700A517F1 /* Action-Extension-Shared */ = {
			isa = PBXNativeTarget;
			buildConfigurationList = ED7BB9C02754A5F800A517F1 /* Build configuration list for PBXNativeTarget "Action-Extension-Shared" */;
			buildPhases = (
				ED7BB9A82754A5F700A517F1 /* Sources */,
				ED7BB9A92754A5F700A517F1 /* Frameworks */,
				ED7BB9AA2754A5F700A517F1 /* Resources */,
				ED7BB9DB2754A61500A517F1 /* Embed App Extensions */,
			);
			buildRules = (
			);
			dependencies = (
				ED7BB9D62754A61500A517F1 /* PBXTargetDependency */,
				ED7BB9E92754A63000A517F1 /* PBXTargetDependency */,
			);
			name = "Action-Extension-Shared";
			productName = "Action-Extension-Shared";
			productReference = ED7BB9AC2754A5F700A517F1 /* Action-Extension-Shared.app */;
			productType = "com.apple.product-type.application";
		};
		ED7BB9C72754A61500A517F1 /* Action */ = {
			isa = PBXNativeTarget;
			buildConfigurationList = ED7BB9D82754A61500A517F1 /* Build configuration list for PBXNativeTarget "Action" */;
			buildPhases = (
				ED7BB9C42754A61500A517F1 /* Sources */,
				ED7BB9C52754A61500A517F1 /* Frameworks */,
				ED7BB9C62754A61500A517F1 /* Resources */,
			);
			buildRules = (
			);
			dependencies = (
			);
			name = Action;
			productName = Action;
			productReference = ED7BB9C82754A61500A517F1 /* Action.appex */;
			productType = "com.apple.product-type.app-extension";
		};
		ED7BB9DF2754A63000A517F1 /* Share */ = {
			isa = PBXNativeTarget;
			buildConfigurationList = ED7BB9EB2754A63000A517F1 /* Build configuration list for PBXNativeTarget "Share" */;
			buildPhases = (
				ED7BB9DC2754A63000A517F1 /* Sources */,
				ED7BB9DD2754A63000A517F1 /* Frameworks */,
				ED7BB9DE2754A63000A517F1 /* Resources */,
			);
			buildRules = (
			);
			dependencies = (
			);
			name = Share;
			productName = Share;
			productReference = ED7BB9E02754A63000A517F1 /* Share.appex */;
			productType = "com.apple.product-type.app-extension";
		};
/* End PBXNativeTarget section */

/* Begin PBXProject section */
		ED7BB9A42754A5F700A517F1 /* Project object */ = {
			isa = PBXProject;
			attributes = {
				BuildIndependentTargetsInParallel = 1;
				LastSwiftUpdateCheck = 1310;
				LastUpgradeCheck = 1310;
				TargetAttributes = {
					ED7BB9AB2754A5F700A517F1 = {
						CreatedOnToolsVersion = 13.1;
					};
					ED7BB9C72754A61500A517F1 = {
						CreatedOnToolsVersion = 13.1;
					};
					ED7BB9DF2754A63000A517F1 = {
						CreatedOnToolsVersion = 13.1;
					};
				};
			};
			buildConfigurationList = ED7BB9A72754A5F700A517F1 /* Build configuration list for PBXProject "Action-Extension-Shared" */;
			compatibilityVersion = "Xcode 13.0";
			developmentRegion = en;
			hasScannedForEncodings = 0;
			knownRegions = (
				en,
				Base,
			);
			mainGroup = ED7BB9A32754A5F700A517F1;
			productRefGroup = ED7BB9AD2754A5F700A517F1 /* Products */;
			projectDirPath = "";
			projectRoot = "";
			targets = (
				ED7BB9AB2754A5F700A517F1 /* Action-Extension-Shared */,
				ED7BB9C72754A61500A517F1 /* Action */,
				ED7BB9DF2754A63000A517F1 /* Share */,
			);
		};
/* End PBXProject section */

/* Begin PBXResourcesBuildPhase section */
		ED7BB9AA2754A5F700A517F1 /* Resources */ = {
			isa = PBXResourcesBuildPhase;
			buildActionMask = 2147483647;
			files = (
				ED7BB9BC2754A5F800A517F1 /* LaunchScreen.storyboard in Resources */,
				ED7BB9B92754A5F800A517F1 /* Assets.xcassets in Resources */,
				ED7BB9B72754A5F700A517F1 /* Main.storyboard in Resources */,
			);
			runOnlyForDeploymentPostprocessing = 0;
		};
		ED7BB9C62754A61500A517F1 /* Resources */ = {
			isa = PBXResourcesBuildPhase;
			buildActionMask = 2147483647;
			files = (
				ED7BB9CE2754A61500A517F1 /* Media.xcassets in Resources */,
				ED7BB9D32754A61500A517F1 /* MainInterface.storyboard in Resources */,
			);
			runOnlyForDeploymentPostprocessing = 0;
		};
		ED7BB9DE2754A63000A517F1 /* Resources */ = {
			isa = PBXResourcesBuildPhase;
			buildActionMask = 2147483647;
			files = (
				ED7BB9E62754A63000A517F1 /* MainInterface.storyboard in Resources */,
			);
			runOnlyForDeploymentPostprocessing = 0;
		};
/* End PBXResourcesBuildPhase section */

/* Begin PBXSourcesBuildPhase section */
		ED7BB9A82754A5F700A517F1 /* Sources */ = {
			isa = PBXSourcesBuildPhase;
			buildActionMask = 2147483647;
			files = (
				ED7BB9B42754A5F700A517F1 /* ViewController.swift in Sources */,
				ED7BB9B02754A5F700A517F1 /* AppDelegate.swift in Sources */,
				ED7BB9B22754A5F700A517F1 /* SceneDelegate.swift in Sources */,
			);
			runOnlyForDeploymentPostprocessing = 0;
		};
		ED7BB9C42754A61500A517F1 /* Sources */ = {
			isa = PBXSourcesBuildPhase;
			buildActionMask = 2147483647;
			files = (
				ED7BB9D02754A61500A517F1 /* ActionViewController.swift in Sources */,
			);
			runOnlyForDeploymentPostprocessing = 0;
		};
		ED7BB9DC2754A63000A517F1 /* Sources */ = {
			isa = PBXSourcesBuildPhase;
			buildActionMask = 2147483647;
			files = (
				ED7BB9E32754A63000A517F1 /* ShareViewController.swift in Sources */,
			);
			runOnlyForDeploymentPostprocessing = 0;
		};
/* End PBXSourcesBuildPhase section */

/* Begin PBXTargetDependency section */
		ED7BB9D62754A61500A517F1 /* PBXTargetDependency */ = {
			isa = PBXTargetDependency;
			target = ED7BB9C72754A61500A517F1 /* Action */;
			targetProxy = ED7BB9D52754A61500A517F1 /* PBXContainerItemProxy */;
		};
		ED7BB9E92754A63000A517F1 /* PBXTargetDependency */ = {
			isa = PBXTargetDependency;
			target = ED7BB9DF2754A63000A517F1 /* Share */;
			targetProxy = ED7BB9E82754A63000A517F1 /* PBXContainerItemProxy */;
		};
/* End PBXTargetDependency section */

/* Begin PBXVariantGroup section */
		ED7BB9B52754A5F700A517F1 /* Main.storyboard */ = {
			isa = PBXVariantGroup;
			children = (
				ED7BB9B62754A5F700A517F1 /* Base */,
			);
			name = Main.storyboard;
			sourceTree = "<group>";
		};
		ED7BB9BA2754A5F800A517F1 /* LaunchScreen.storyboard */ = {
			isa = PBXVariantGroup;
			children = (
				ED7BB9BB2754A5F800A517F1 /* Base */,
			);
			name = LaunchScreen.storyboard;
			sourceTree = "<group>";
		};
		ED7BB9D12754A61500A517F1 /* MainInterface.storyboard */ = {
			isa = PBXVariantGroup;
			children = (
				ED7BB9D22754A61500A517F1 /* Base */,
			);
			name = MainInterface.storyboard;
			sourceTree = "<group>";
		};
		ED7BB9E42754A63000A517F1 /* MainInterface.storyboard */ = {
			isa = PBXVariantGroup;
			children = (
				ED7BB9E52754A63000A517F1 /* Base */,
			);
			name = MainInterface.storyboard;
			sourceTree = "<group>";
		};
/* End PBXVariantGroup section */

/* Begin XCBuildConfiguration section */
		ED7BB9BE2754A5F800A517F1 /* Debug */ = {
			isa = XCBuildConfiguration;
			buildSettings = {
				ALWAYS_SEARCH_USER_PATHS = NO;
				CLANG_ANALYZER_NONNULL = YES;
				CLANG_ANALYZER_NUMBER_OBJECT_CONVERSION = YES_AGGRESSIVE;
				CLANG_CXX_LANGUAGE_STANDARD = "gnu++17";
				CLANG_CXX_LIBRARY = "libc++";
				CLANG_ENABLE_MODULES = YES;
				CLANG_ENABLE_OBJC_ARC = YES;
				CLANG_ENABLE_OBJC_WEAK = YES;
				CLANG_WARN_BLOCK_CAPTURE_AUTORELEASING = YES;
				CLANG_WARN_BOOL_CONVERSION = YES;
				CLANG_WARN_COMMA = YES;
				CLANG_WARN_CONSTANT_CONVERSION = YES;
				CLANG_WARN_DEPRECATED_OBJC_IMPLEMENTATIONS = YES;
				CLANG_WARN_DIRECT_OBJC_ISA_USAGE = YES_ERROR;
				CLANG_WARN_DOCUMENTATION_COMMENTS = YES;
				CLANG_WARN_EMPTY_BODY = YES;
				CLANG_WARN_ENUM_CONVERSION = YES;
				CLANG_WARN_INFINITE_RECURSION = YES;
				CLANG_WARN_INT_CONVERSION = YES;
				CLANG_WARN_NON_LITERAL_NULL_CONVERSION = YES;
				CLANG_WARN_OBJC_IMPLICIT_RETAIN_SELF = YES;
				CLANG_WARN_OBJC_LITERAL_CONVERSION = YES;
				CLANG_WARN_OBJC_ROOT_CLASS = YES_ERROR;
				CLANG_WARN_QUOTED_INCLUDE_IN_FRAMEWORK_HEADER = YES;
				CLANG_WARN_RANGE_LOOP_ANALYSIS = YES;
				CLANG_WARN_STRICT_PROTOTYPES = YES;
				CLANG_WARN_SUSPICIOUS_MOVE = YES;
				CLANG_WARN_UNGUARDED_AVAILABILITY = YES_AGGRESSIVE;
				CLANG_WARN_UNREACHABLE_CODE = YES;
				CLANG_WARN__DUPLICATE_METHOD_MATCH = YES;
				COPY_PHASE_STRIP = NO;
				DEBUG_INFORMATION_FORMAT = dwarf;
				ENABLE_STRICT_OBJC_MSGSEND = YES;
				ENABLE_TESTABILITY = YES;
				GCC_C_LANGUAGE_STANDARD = gnu11;
				GCC_DYNAMIC_NO_PIC = NO;
				GCC_NO_COMMON_BLOCKS = YES;
				GCC_OPTIMIZATION_LEVEL = 0;
				GCC_PREPROCESSOR_DEFINITIONS = (
					"DEBUG=1",
					"$(inherited)",
				);
				GCC_WARN_64_TO_32_BIT_CONVERSION = YES;
				GCC_WARN_ABOUT_RETURN_TYPE = YES_ERROR;
				GCC_WARN_UNDECLARED_SELECTOR = YES;
				GCC_WARN_UNINITIALIZED_AUTOS = YES_AGGRESSIVE;
				GCC_WARN_UNUSED_FUNCTION = YES;
				GCC_WARN_UNUSED_VARIABLE = YES;
				IPHONEOS_DEPLOYMENT_TARGET = 15.0;
				MTL_ENABLE_DEBUG_INFO = INCLUDE_SOURCE;
				MTL_FAST_MATH = YES;
				ONLY_ACTIVE_ARCH = YES;
				SDKROOT = iphoneos;
				SWIFT_ACTIVE_COMPILATION_CONDITIONS = DEBUG;
				SWIFT_OPTIMIZATION_LEVEL = "-Onone";
			};
			name = Debug;
		};
		ED7BB9BF2754A5F800A517F1 /* Release */ = {
			isa = XCBuildConfiguration;
			buildSettings = {
				ALWAYS_SEARCH_USER_PATHS = NO;
				CLANG_ANALYZER_NONNULL = YES;
				CLANG_ANALYZER_NUMBER_OBJECT_CONVERSION = YES_AGGRESSIVE;
				CLANG_CXX_LANGUAGE_STANDARD = "gnu++17";
				CLANG_CXX_LIBRARY = "libc++";
				CLANG_ENABLE_MODULES = YES;
				CLANG_ENABLE_OBJC_ARC = YES;
				CLANG_ENABLE_OBJC_WEAK = YES;
				CLANG_WARN_BLOCK_CAPTURE_AUTORELEASING = YES;
				CLANG_WARN_BOOL_CONVERSION = YES;
				CLANG_WARN_COMMA = YES;
				CLANG_WARN_CONSTANT_CONVERSION = YES;
				CLANG_WARN_DEPRECATED_OBJC_IMPLEMENTATIONS = YES;
				CLANG_WARN_DIRECT_OBJC_ISA_USAGE = YES_ERROR;
				CLANG_WARN_DOCUMENTATION_COMMENTS = YES;
				CLANG_WARN_EMPTY_BODY = YES;
				CLANG_WARN_ENUM_CONVERSION = YES;
				CLANG_WARN_INFINITE_RECURSION = YES;
				CLANG_WARN_INT_CONVERSION = YES;
				CLANG_WARN_NON_LITERAL_NULL_CONVERSION = YES;
				CLANG_WARN_OBJC_IMPLICIT_RETAIN_SELF = YES;
				CLANG_WARN_OBJC_LITERAL_CONVERSION = YES;
				CLANG_WARN_OBJC_ROOT_CLASS = YES_ERROR;
				CLANG_WARN_QUOTED_INCLUDE_IN_FRAMEWORK_HEADER = YES;
				CLANG_WARN_RANGE_LOOP_ANALYSIS = YES;
				CLANG_WARN_STRICT_PROTOTYPES = YES;
				CLANG_WARN_SUSPICIOUS_MOVE = YES;
				CLANG_WARN_UNGUARDED_AVAILABILITY = YES_AGGRESSIVE;
				CLANG_WARN_UNREACHABLE_CODE = YES;
				CLANG_WARN__DUPLICATE_METHOD_MATCH = YES;
				COPY_PHASE_STRIP = NO;
				DEBUG_INFORMATION_FORMAT = "dwarf-with-dsym";
				ENABLE_NS_ASSERTIONS = NO;
				ENABLE_STRICT_OBJC_MSGSEND = YES;
				GCC_C_LANGUAGE_STANDARD = gnu11;
				GCC_NO_COMMON_BLOCKS = YES;
				GCC_WARN_64_TO_32_BIT_CONVERSION = YES;
				GCC_WARN_ABOUT_RETURN_TYPE = YES_ERROR;
				GCC_WARN_UNDECLARED_SELECTOR = YES;
				GCC_WARN_UNINITIALIZED_AUTOS = YES_AGGRESSIVE;
				GCC_WARN_UNUSED_FUNCTION = YES;
				GCC_WARN_UNUSED_VARIABLE = YES;
				IPHONEOS_DEPLOYMENT_TARGET = 15.0;
				MTL_ENABLE_DEBUG_INFO = NO;
				MTL_FAST_MATH = YES;
				SDKROOT = iphoneos;
				SWIFT_COMPILATION_MODE = wholemodule;
				SWIFT_OPTIMIZATION_LEVEL = "-O";
				VALIDATE_PRODUCT = YES;
			};
			name = Release;
		};
		ED7BB9C12754A5F800A517F1 /* Debug */ = {
			isa = XCBuildConfiguration;
			buildSettings = {
				ALWAYS_EMBED_SWIFT_STANDARD_LIBRARIES = YES;
				ASSETCATALOG_COMPILER_APPICON_NAME = AppIcon;
				ASSETCATALOG_COMPILER_GLOBAL_ACCENT_COLOR_NAME = AccentColor;
				CODE_SIGN_STYLE = Automatic;
				CURRENT_PROJECT_VERSION = 1;
				GENERATE_INFOPLIST_FILE = YES;
				INFOPLIST_FILE = "Action-Extension-Shared/Info.plist";
				INFOPLIST_KEY_UIApplicationSupportsIndirectInputEvents = YES;
				INFOPLIST_KEY_UILaunchStoryboardName = LaunchScreen;
				INFOPLIST_KEY_UIMainStoryboardFile = Main;
				INFOPLIST_KEY_UISupportedInterfaceOrientations_iPad = "UIInterfaceOrientationPortrait UIInterfaceOrientationPortraitUpsideDown UIInterfaceOrientationLandscapeLeft UIInterfaceOrientationLandscapeRight";
				INFOPLIST_KEY_UISupportedInterfaceOrientations_iPhone = "UIInterfaceOrientationPortrait UIInterfaceOrientationLandscapeLeft UIInterfaceOrientationLandscapeRight";
				LD_RUNPATH_SEARCH_PATHS = (
					"$(inherited)",
					"@executable_path/Frameworks",
				);
				MARKETING_VERSION = 1.0;
				PRODUCT_BUNDLE_IDENTIFIER = "com.tiekle.Action-Extension-Shared";
				PRODUCT_NAME = "$(TARGET_NAME)";
				SWIFT_EMIT_LOC_STRINGS = YES;
				SWIFT_VERSION = 5.0;
				TARGETED_DEVICE_FAMILY = "1,2";
			};
			name = Debug;
		};
		ED7BB9C22754A5F800A517F1 /* Release */ = {
			isa = XCBuildConfiguration;
			buildSettings = {
				ALWAYS_EMBED_SWIFT_STANDARD_LIBRARIES = YES;
				ASSETCATALOG_COMPILER_APPICON_NAME = AppIcon;
				ASSETCATALOG_COMPILER_GLOBAL_ACCENT_COLOR_NAME = AccentColor;
				CODE_SIGN_STYLE = Automatic;
				CURRENT_PROJECT_VERSION = 1;
				GENERATE_INFOPLIST_FILE = YES;
				INFOPLIST_FILE = "Action-Extension-Shared/Info.plist";
				INFOPLIST_KEY_UIApplicationSupportsIndirectInputEvents = YES;
				INFOPLIST_KEY_UILaunchStoryboardName = LaunchScreen;
				INFOPLIST_KEY_UIMainStoryboardFile = Main;
				INFOPLIST_KEY_UISupportedInterfaceOrientations_iPad = "UIInterfaceOrientationPortrait UIInterfaceOrientationPortraitUpsideDown UIInterfaceOrientationLandscapeLeft UIInterfaceOrientationLandscapeRight";
				INFOPLIST_KEY_UISupportedInterfaceOrientations_iPhone = "UIInterfaceOrientationPortrait UIInterfaceOrientationLandscapeLeft UIInterfaceOrientationLandscapeRight";
				LD_RUNPATH_SEARCH_PATHS = (
					"$(inherited)",
					"@executable_path/Frameworks",
				);
				MARKETING_VERSION = 1.0;
				PRODUCT_BUNDLE_IDENTIFIER = "com.tiekle.Action-Extension-Shared";
				PRODUCT_NAME = "$(TARGET_NAME)";
				SWIFT_EMIT_LOC_STRINGS = YES;
				SWIFT_VERSION = 5.0;
				TARGETED_DEVICE_FAMILY = "1,2";
			};
			name = Release;
		};
		ED7BB9D92754A61500A517F1 /* Debug */ = {
			isa = XCBuildConfiguration;
			buildSettings = {
				CODE_SIGN_STYLE = Automatic;
				CURRENT_PROJECT_VERSION = 1;
				GENERATE_INFOPLIST_FILE = YES;
				INFOPLIST_FILE = Action/Info.plist;
				INFOPLIST_KEY_CFBundleDisplayName = Action;
				INFOPLIST_KEY_NSHumanReadableCopyright = "";
				LD_RUNPATH_SEARCH_PATHS = (
					"$(inherited)",
					"@executable_path/Frameworks",
					"@executable_path/../../Frameworks",
				);
				MARKETING_VERSION = 1.0;
				PRODUCT_BUNDLE_IDENTIFIER = "com.tiekle.Action-Extension-Shared.Action";
				PRODUCT_NAME = "$(TARGET_NAME)";
				SKIP_INSTALL = YES;
				SWIFT_EMIT_LOC_STRINGS = YES;
				SWIFT_VERSION = 5.0;
				TARGETED_DEVICE_FAMILY = "1,2";
			};
			name = Debug;
		};
		ED7BB9DA2754A61500A517F1 /* Release */ = {
			isa = XCBuildConfiguration;
			buildSettings = {
				CODE_SIGN_STYLE = Automatic;
				CURRENT_PROJECT_VERSION = 1;
				GENERATE_INFOPLIST_FILE = YES;
				INFOPLIST_FILE = Action/Info.plist;
				INFOPLIST_KEY_CFBundleDisplayName = Action;
				INFOPLIST_KEY_NSHumanReadableCopyright = "";
				LD_RUNPATH_SEARCH_PATHS = (
					"$(inherited)",
					"@executable_path/Frameworks",
					"@executable_path/../../Frameworks",
				);
				MARKETING_VERSION = 1.0;
				PRODUCT_BUNDLE_IDENTIFIER = "com.tiekle.Action-Extension-Shared.Action";
				PRODUCT_NAME = "$(TARGET_NAME)";
				SKIP_INSTALL = YES;
				SWIFT_EMIT_LOC_STRINGS = YES;
				SWIFT_VERSION = 5.0;
				TARGETED_DEVICE_FAMILY = "1,2";
			};
			name = Release;
		};
		ED7BB9EC2754A63000A517F1 /* Debug */ = {
			isa = XCBuildConfiguration;
			buildSettings = {
				CODE_SIGN_STYLE = Automatic;
				CURRENT_PROJECT_VERSION = 1;
				GENERATE_INFOPLIST_FILE = YES;
				INFOPLIST_FILE = Share/Info.plist;
				INFOPLIST_KEY_CFBundleDisplayName = Share;
				INFOPLIST_KEY_NSHumanReadableCopyright = "";
				LD_RUNPATH_SEARCH_PATHS = (
					"$(inherited)",
					"@executable_path/Frameworks",
					"@executable_path/../../Frameworks",
				);
				MARKETING_VERSION = 1.0;
				PRODUCT_BUNDLE_IDENTIFIER = "com.tiekle.Action-Extension-Shared.Share";
				PRODUCT_NAME = "$(TARGET_NAME)";
				SKIP_INSTALL = YES;
				SWIFT_EMIT_LOC_STRINGS = YES;
				SWIFT_VERSION = 5.0;
				TARGETED_DEVICE_FAMILY = "1,2";
			};
			name = Debug;
		};
		ED7BB9ED2754A63000A517F1 /* Release */ = {
			isa = XCBuildConfiguration;
			buildSettings = {
				CODE_SIGN_STYLE = Automatic;
				CURRENT_PROJECT_VERSION = 1;
				GENERATE_INFOPLIST_FILE = YES;
				INFOPLIST_FILE = Share/Info.plist;
				INFOPLIST_KEY_CFBundleDisplayName = Share;
				INFOPLIST_KEY_NSHumanReadableCopyright = "";
				LD_RUNPATH_SEARCH_PATHS = (
					"$(inherited)",
					"@executable_path/Frameworks",
					"@executable_path/../../Frameworks",
				);
				MARKETING_VERSION = 1.0;
				PRODUCT_BUNDLE_IDENTIFIER = "com.tiekle.Action-Extension-Shared.Share";
				PRODUCT_NAME = "$(TARGET_NAME)";
				SKIP_INSTALL = YES;
				SWIFT_EMIT_LOC_STRINGS = YES;
				SWIFT_VERSION = 5.0;
				TARGETED_DEVICE_FAMILY = "1,2";
			};
			name = Release;
		};
/* End XCBuildConfiguration section */

/* Begin XCConfigurationList section */
		ED7BB9A72754A5F700A517F1 /* Build configuration list for PBXProject "Action-Extension-Shared" */ = {
			isa = XCConfigurationList;
			buildConfigurations = (
				ED7BB9BE2754A5F800A517F1 /* Debug */,
				ED7BB9BF2754A5F800A517F1 /* Release */,
			);
			defaultConfigurationIsVisible = 0;
			defaultConfigurationName = Release;
		};
		ED7BB9C02754A5F800A517F1 /* Build configuration list for PBXNativeTarget "Action-Extension-Shared" */ = {
			isa = XCConfigurationList;
			buildConfigurations = (
				ED7BB9C12754A5F800A517F1 /* Debug */,
				ED7BB9C22754A5F800A517F1 /* Release */,
			);
			defaultConfigurationIsVisible = 0;
			defaultConfigurationName = Release;
		};
		ED7BB9D82754A61500A517F1 /* Build configuration list for PBXNativeTarget "Action" */ = {
			isa = XCConfigurationList;
			buildConfigurations = (
				ED7BB9D92754A61500A517F1 /* Debug */,
				ED7BB9DA2754A61500A517F1 /* Release */,
			);
			defaultConfigurationIsVisible = 0;
			defaultConfigurationName = Release;
		};
		ED7BB9EB2754A63000A517F1 /* Build configuration list for PBXNativeTarget "Share" */ = {
			isa = XCConfigurationList;
			buildConfigurations = (
				ED7BB9EC2754A63000A517F1 /* Debug */,
				ED7BB9ED2754A63000A517F1 /* Release */,
			);
			defaultConfigurationIsVisible = 0;
			defaultConfigurationName = Release;
		};
/* End XCConfigurationList section */
	};
	rootObject = ED7BB9A42754A5F700A517F1 /* Project object */;
}
